
Microsoft Visual Studio Solution File, Format Version 12.00
# Visual Studio 15
VisualStudioVersion = 15.0.28307.438
MinimumVisualStudioVersion = 10.0.40219.1
Project("{FAE04EC0-301F-11D3-BF4B-00C04F79EFBC}") = "WebClubUniversity", "WebClubUniversity\WebClubUniversity.csproj", "{AA18A762-D3CE-428E-B22F-B9D6C175BC13}"
EndProject
Project("{FAE04EC0-301F-11D3-BF4B-00C04F79EFBC}") = "Model", "Model\Model.csproj", "{5CE123EB-F361-4456-A64F-E5447426E5FB}"
EndProject
Global
	GlobalSection(SolutionConfigurationPlatforms) = preSolution
		Debug|Any CPU = Debug|Any CPU
		Release|Any CPU = Release|Any CPU
	EndGlobalSection
	GlobalSection(ProjectConfigurationPlatforms) = postSolution
		{AA18A762-D3CE-428E-B22F-B9D6C175BC13}.Debug|Any CPU.ActiveCfg = Debug|Any CPU
		{AA18A762-D3CE-428E-B22F-B9D6C175BC13}.Debug|Any CPU.Build.0 = Debug|Any CPU
		{AA18A762-D3CE-428E-B22F-B9D6C175BC13}.Release|Any CPU.ActiveCfg = Release|Any CPU
		{AA18A762-D3CE-428E-B22F-B9D6C175BC13}.Release|Any CPU.Build.0 = Release|Any CPU
		{5CE123EB-F361-4456-A64F-E5447426E5FB}.Debug|Any CPU.ActiveCfg = Debug|Any CPU
		{5CE123EB-F361-4456-A64F-E5447426E5FB}.Debug|Any CPU.Build.0 = Debug|Any CPU
		{5CE123EB-F361-4456-A64F-E5447426E5FB}.Release|Any CPU.ActiveCfg = Release|Any CPU
		{5CE123EB-F361-4456-A64F-E5447426E5FB}.Release|Any CPU.Build.0 = Release|Any CPU
	EndGlobalSection
	GlobalSection(SolutionProperties) = preSolution
		HideSolutionNode = FALSE
	EndGlobalSection
	GlobalSection(ExtensibilityGlobals) = postSolution
		SolutionGuid = {90C90AAE-6FCA-494B-A4F9-007C5CBFECD9}
	EndGlobalSection
EndGlobal
